{
  "version": 4,
  "terraform_version": "1.14.9",
  "serial": 17,
  "lineage": "6ec1c8f6-76a8-f656-122d-4b21ac348975",
  "outputs": {
    "instance_id": {
      "value": "i-02803c9263bd32c6e",
      "type": "string"
    },
    "instance_public_dns": {
      "value": "",
      "type": "string"
    },
    "instance_public_ip": {
      "value": "63.184.249.94",
      "type": "string"
    },
    "rds_endpoint": {
      "value": "week7-database.cjc0su22elzg.eu-central-1.rds.amazonaws.com:5432",
      "type": "string"
    },
    "security_group_id": {
      "value": "sg-0a8991e9ef836b3d3",
      "type": "string"
    }
  },
  "resources": [
    {
      "mode": "managed",
      "type": "aws_db_instance",
      "name": "main",
      "provider": "provider[\"registry.terraform.io/hashicorp/aws\"]",
      "instances": [
        {
          "schema_version": 2,
          "attributes": {
            "address": "week7-database.cjc0su22elzg.eu-central-1.rds.amazonaws.com",
            "allocated_storage": 20,
            "allow_major_version_upgrade": null,
            "apply_immediately": false,
            "arn": "arn:aws:rds:eu-central-1:263050932702:db:week7-database",
            "auto_minor_version_upgrade": true,
            "availability_zone": "eu-central-1b",
            "backup_retention_period": 0,
            "backup_target": "region",
            "backup_window": "01:11-01:41",
            "blue_green_update": [],
            "ca_cert_identifier": "rds-ca-rsa2048-g1",
            "character_set_name": "",
            "copy_tags_to_snapshot": false,
            "custom_iam_instance_profile": "",
            "customer_owned_ip_enabled": false,
            "database_insights_mode": "standard",
            "db_name": "week7db",
            "db_subnet_group_name": "week7-db-subnet-group",
            "dedicated_log_volume": false,
            "delete_automated_backups": true,
            "deletion_protection": false,
            "domain": "",
            "domain_auth_secret_arn": "",
            "domain_dns_ips": null,
            "domain_fqdn": "",
            "domain_iam_role_name": "",
            "domain_ou": "",
            "enabled_cloudwatch_logs_exports": null,
            "endpoint": "week7-database.cjc0su22elzg.eu-central-1.rds.amazonaws.com:5432",
            "engine": "postgres",
            "engine_lifecycle_support": "open-source-rds-extended-support",
            "engine_version": "17",
            "engine_version_actual": "17.9",
            "final_snapshot_identifier": null,
            "hosted_zone_id": "Z1RLNUO7B9Q6NB",
            "iam_database_authentication_enabled": false,
            "id": "db-OLVR4GBXIUXO4XD7CMMTB7Q6FM",
            "identifier": "week7-database",
            "identifier_prefix": "",
            "instance_class": "db.t3.micro",
            "iops": 3000,
            "kms_key_id": "arn:aws:kms:eu-central-1:263050932702:key/45a165b0-e650-4b67-9b90-a8a2f36fea6d",
            "latest_restorable_time": "",
            "license_model": "postgresql-license",
            "listener_endpoint": [],
            "maintenance_window": "thu:23:32-fri:00:02",
            "manage_master_user_password": null,
            "master_user_secret": [],
            "master_user_secret_kms_key_id": null,
            "max_allocated_storage": 0,
            "monitoring_interval": 0,
            "monitoring_role_arn": "",
            "multi_az": false,
            "nchar_character_set_name": "",
            "network_type": "IPV4",
            "option_group_name": "default:postgres-17",
            "parameter_group_name": "default.postgres17",
            "password": "Admin1234!",
            "password_wo": null,
            "password_wo_version": null,
            "performance_insights_enabled": false,
            "performance_insights_kms_key_id": "",
            "performance_insights_retention_period": 0,
            "port": 5432,
            "publicly_accessible": false,
            "region": "eu-central-1",
            "replica_mode": "",
            "replicas": [],
            "replicate_source_db": "",
            "resource_id": "db-OLVR4GBXIUXO4XD7CMMTB7Q6FM",
            "restore_to_point_in_time": [],
            "s3_import": [],
            "skip_final_snapshot": true,
            "snapshot_identifier": null,
            "status": "available",
            "storage_encrypted": true,
            "storage_throughput": 125,
            "storage_type": "gp3",
            "tags": {
              "Name": "week7-database"
            },
            "tags_all": {
              "ManagedBy": "Terraform",
              "Name": "week7-database",
              "Project": "CloudComputing",
              "Week": "7"
            },
            "timeouts": null,
            "timezone": "",
            "upgrade_rollout_order": "second",
            "upgrade_storage_config": null,
            "username": "postgres",
            "vpc_security_group_ids": [
              "sg-0a8991e9ef836b3d3"
            ]
          },
          "sensitive_attributes": [
            [
              {
                "type": "get_attr",
                "value": "password"
              }
            ],
            [
              {
                "type": "get_attr",
                "value": "password_wo"
              }
            ]
          ],
          "identity_schema_version": 0,
          "private": "eyJlMmJmYjczMC1lY2FhLTExZTYtOGY4OC0zNDM2M2JjN2M0YzAiOnsiY3JlYXRlIjozMDAwMDAwMDAwMDAwLCJkZWxldGUiOjM2MDAwMDAwMDAwMDAsInVwZGF0ZSI6NDgwMDAwMDAwMDAwMH0sInNjaGVtYV92ZXJzaW9uIjoiMiJ9",
          "dependencies": [
            "aws_db_subnet_group.main"
          ]
        }
      ]
    },
    {
      "mode": "managed",
      "type": "aws_db_subnet_group",
      "name": "main",
      "provider": "provider[\"registry.terraform.io/hashicorp/aws\"]",
      "instances": [
        {
          "schema_version": 0,
          "attributes": {
            "arn": "arn:aws:rds:eu-central-1:263050932702:subgrp:week7-db-subnet-group",
            "description": "Managed by Terraform",
            "id": "week7-db-subnet-group",
            "name": "week7-db-subnet-group",
            "name_prefix": "",
            "region": "eu-central-1",
            "subnet_ids": [
              "subnet-002ab083046678a74",
              "subnet-08ea5c0fdebf706ac"
            ],
            "supported_network_types": [
              "IPV4"
            ],
            "tags": {
              "Name": "week7-db-subnet-group"
            },
            "tags_all": {
              "ManagedBy": "Terraform",
              "Name": "week7-db-subnet-group",
              "Project": "CloudComputing",
              "Week": "7"
            },
            "vpc_id": "vpc-08b59a722733074df"
          },
          "sensitive_attributes": [],
          "identity_schema_version": 0,
          "identity": {
            "account_id": "263050932702",
            "name": "week7-db-subnet-group",
            "region": "eu-central-1"
          },
          "private": "bnVsbA=="
        }
      ]
    },
    {
      "mode": "managed",
      "type": "aws_eip",
      "name": "web",
      "provider": "provider[\"registry.terraform.io/hashicorp/aws\"]",
      "instances": [
        {
          "schema_version": 0,
          "attributes": {
            "address": null,
            "allocation_id": "eipalloc-0cede2c02a1ce8103",
            "arn": "arn:aws:ec2:eu-central-1:263050932702:elastic-ip/eipalloc-0cede2c02a1ce8103",
            "associate_with_private_ip": null,
            "association_id": "eipassoc-079bfcf4a87172ed6",
            "carrier_ip": "",
            "customer_owned_ip": "",
            "customer_owned_ipv4_pool": "",
            "domain": "vpc",
            "id": "eipalloc-0cede2c02a1ce8103",
            "instance": "i-02803c9263bd32c6e",
            "ipam_pool_id": "",
            "network_border_group": "eu-central-1",
            "network_interface": "eni-0393f2086c23bd1f4",
            "private_dns": "ip-10-0-1-91.eu-central-1.compute.internal",
            "private_ip": "10.0.1.91",
            "ptr_record": "",
            "public_dns": "ec2-63-184-249-94.eu-central-1.compute.amazonaws.com",
            "public_ip": "63.184.249.94",
            "public_ipv4_pool": "amazon",
            "region": "eu-central-1",
            "tags": {
              "Name": "week7-eip"
            },
            "tags_all": {
              "ManagedBy": "Terraform",
              "Name": "week7-eip",
              "Project": "CloudComputing",
              "Week": "7"
            },
            "timeouts": null
          },
          "sensitive_attributes": [],
          "identity_schema_version": 0,
          "identity": {
            "account_id": "263050932702",
            "id": "eipalloc-0cede2c02a1ce8103",
            "region": "eu-central-1"
          },
          "private": "eyJlMmJmYjczMC1lY2FhLTExZTYtOGY4OC0zNDM2M2JjN2M0YzAiOnsiZGVsZXRlIjoxODAwMDAwMDAwMDAsInJlYWQiOjkwMDAwMDAwMDAwMCwidXBkYXRlIjozMDAwMDAwMDAwMDB9fQ==",
          "dependencies": [
            "aws_instance.web"
          ]
        }
      ]
    },
    {
      "mode": "managed",
      "type": "aws_instance",
      "name": "web",
      "provider": "provider[\"registry.terraform.io/hashicorp/aws\"]",
      "instances": [
        {
          "schema_version": 2,
          "attributes": {
            "ami": "ami-0a628e1e89aaedf80",
            "arn": "arn:aws:ec2:eu-central-1:263050932702:instance/i-02803c9263bd32c6e",
            "associate_public_ip_address": true,
            "availability_zone": "eu-central-1a",
            "capacity_reservation_specification": [
              {
                "capacity_reservation_preference": "open",
                "capacity_reservation_target": []
              }
            ],
            "cpu_options": [
              {
                "amd_sev_snp": "",
                "core_count": 1,
                "nested_virtualization": "",
                "threads_per_core": 2
              }
            ],
            "credit_specification": [
              {
                "cpu_credits": "unlimited"
              }
            ],
            "disable_api_stop": false,
            "disable_api_termination": false,
            "ebs_block_device": [],
            "ebs_optimized": false,
            "enable_primary_ipv6": null,
            "enclave_options": [
              {
                "enabled": false
              }
            ],
            "ephemeral_block_device": [],
            "force_destroy": false,
            "get_password_data": false,
            "hibernation": false,
            "host_id": "",
            "host_resource_group_arn": null,
            "iam_instance_profile": "",
            "id": "i-02803c9263bd32c6e",
            "instance_initiated_shutdown_behavior": "stop",
            "instance_lifecycle": "",
            "instance_market_options": [],
            "instance_state": "running",
            "instance_type": "t3.micro",
            "ipv6_address_count": 0,
            "ipv6_addresses": [],
            "key_name": "week6-key",
            "launch_template": [],
            "maintenance_options": [
              {
                "auto_recovery": "default"
              }
            ],
            "metadata_options": [
              {
                "http_endpoint": "enabled",
                "http_protocol_ipv6": "disabled",
                "http_put_response_hop_limit": 2,
                "http_tokens": "required",
                "instance_metadata_tags": "disabled"
              }
            ],
            "monitoring": false,
            "network_interface": [],
            "outpost_arn": "",
            "password_data": "",
            "placement_group": "",
            "placement_group_id": "",
            "placement_partition_number": 0,
            "primary_network_interface": [
              {
                "delete_on_termination": true,
                "network_interface_id": "eni-0393f2086c23bd1f4"
              }
            ],
            "primary_network_interface_id": "eni-0393f2086c23bd1f4",
            "private_dns": "ip-10-0-1-91.eu-central-1.compute.internal",
            "private_dns_name_options": [
              {
                "enable_resource_name_dns_a_record": false,
                "enable_resource_name_dns_aaaa_record": false,
                "hostname_type": "ip-name"
              }
            ],
            "private_ip": "10.0.1.91",
            "public_dns": "",
            "public_ip": "63.184.249.94",
            "region": "eu-central-1",
            "root_block_device": [
              {
                "delete_on_termination": true,
                "device_name": "/dev/sda1",
                "encrypted": false,
                "iops": 3000,
                "kms_key_id": "",
                "tags": {
                  "ManagedBy": "Terraform",
                  "Project": "CloudComputing",
                  "Week": "7"
                },
                "tags_all": {
                  "ManagedBy": "Terraform",
                  "Project": "CloudComputing",
                  "Week": "7"
                },
                "throughput": 125,
                "volume_id": "vol-0c2bc10ba37c03e6e",
                "volume_size": 8,
                "volume_type": "gp3"
              }
            ],
            "secondary_network_interface": [],
            "secondary_private_ips": [],
            "security_groups": [],
            "source_dest_check": true,
            "spot_instance_request_id": "",
            "subnet_id": "subnet-069e30b8c1bd2ba91",
            "tags": {
              "Name": "Week7-Instance"
            },
            "tags_all": {
              "ManagedBy": "Terraform",
              "Name": "Week7-Instance",
              "Project": "CloudComputing",
              "Week": "7"
            },
            "tenancy": "default",
            "timeouts": null,
            "user_data": "#!/bin/bash\r\nyum update -y\r\nyum install -y docker\r\nsystemctl start docker\r\nsystemctl enable docker\r\nusermod -aG docker ec2-user\r\n",
            "user_data_base64": null,
            "user_data_replace_on_change": false,
            "volume_tags": null,
            "vpc_security_group_ids": [
              "sg-0a8991e9ef836b3d3"
            ]
          },
          "sensitive_attributes": [],
          "identity_schema_version": 0,
          "identity": {
            "account_id": "263050932702",
            "id": "i-02803c9263bd32c6e",
            "region": "eu-central-1"
          },
          "private": "eyJlMmJmYjczMC1lY2FhLTExZTYtOGY4OC0zNDM2M2JjN2M0YzAiOnsiY3JlYXRlIjo2MDAwMDAwMDAwMDAsImRlbGV0ZSI6MTIwMDAwMDAwMDAwMCwicmVhZCI6OTAwMDAwMDAwMDAwLCJ1cGRhdGUiOjYwMDAwMDAwMDAwMH0sInNjaGVtYV92ZXJzaW9uIjoiMiJ9"
        }
      ]
    }
  ],
  "check_results": null
}
